
Microsoft Visual Studio Solution File, Format Version 12.00
# Visual Studio Version 17
VisualStudioVersion = 17.14.36511.14 d17.14
MinimumVisualStudioVersion = 10.0.40219.1
Project("{FAE04EC0-301F-11D3-BF4B-00C04F79EFBC}") = "dotnet9_TestAPI", "dotnet9_TestAPI\dotnet9_TestAPI.csproj", "{55A61E8A-E26B-4D5E-955E-AF40C65683B1}"
EndProject
Global
	GlobalSection(SolutionConfigurationPlatforms) = preSolution
		Debug|Any CPU = Debug|Any CPU
		Release|Any CPU = Release|Any CPU
	EndGlobalSection
	GlobalSection(ProjectConfigurationPlatforms) = postSolution
		{55A61E8A-E26B-4D5E-955E-AF40C65683B1}.Debug|Any CPU.ActiveCfg = Debug|Any CPU
		{55A61E8A-E26B-4D5E-955E-AF40C65683B1}.Debug|Any CPU.Build.0 = Debug|Any CPU
		{55A61E8A-E26B-4D5E-955E-AF40C65683B1}.Release|Any CPU.ActiveCfg = Release|Any CPU
		{55A61E8A-E26B-4D5E-955E-AF40C65683B1}.Release|Any CPU.Build.0 = Release|Any CPU
	EndGlobalSection
	GlobalSection(SolutionProperties) = preSolution
		HideSolutionNode = FALSE
	EndGlobalSection
	GlobalSection(ExtensibilityGlobals) = postSolution
		SolutionGuid = {A5C5DB27-EFA7-4F96-B6D7-E88530439880}
	EndGlobalSection
EndGlobal
